
Microsoft Visual Studio Solution File, Format Version 12.00
# Visual Studio Version 17
VisualStudioVersion = 17.13.35818.85 d17.13
MinimumVisualStudioVersion = 10.0.40219.1
Project("{FAE04EC0-301F-11D3-BF4B-00C04F79EFBC}") = "modul7", "modul7.csproj", "{1F659772-BD99-4A98-83B9-76CB55D3AA18}"
EndProject
Global
	GlobalSection(SolutionConfigurationPlatforms) = preSolution
		Debug|Any CPU = Debug|Any CPU
		Release|Any CPU = Release|Any CPU
	EndGlobalSection
	GlobalSection(ProjectConfigurationPlatforms) = postSolution
		{1F659772-BD99-4A98-83B9-76CB55D3AA18}.Debug|Any CPU.ActiveCfg = Debug|Any CPU
		{1F659772-BD99-4A98-83B9-76CB55D3AA18}.Debug|Any CPU.Build.0 = Debug|Any CPU
		{1F659772-BD99-4A98-83B9-76CB55D3AA18}.Release|Any CPU.ActiveCfg = Release|Any CPU
		{1F659772-BD99-4A98-83B9-76CB55D3AA18}.Release|Any CPU.Build.0 = Release|Any CPU
	EndGlobalSection
	GlobalSection(SolutionProperties) = preSolution
		HideSolutionNode = FALSE
	EndGlobalSection
	GlobalSection(ExtensibilityGlobals) = postSolution
		SolutionGuid = {D68CE359-0344-40B7-AFEF-11F0C0BE3B6F}
	EndGlobalSection
EndGlobal
